
Microsoft Visual Studio Solution File, Format Version 12.00
# Visual Studio Version 17
VisualStudioVersion = 17.3.32819.101
MinimumVisualStudioVersion = 10.0.40219.1
Project("{FAE04EC0-301F-11D3-BF4B-00C04F79EFBC}") = "WindowsFormsApp1", "WindowsFormsApp1\WindowsFormsApp1.csproj", "{0E1919EE-5049-4A65-8562-918DBCE23E14}"
EndProject
Global
	GlobalSection(SolutionConfigurationPlatforms) = preSolution
		Debug|Any CPU = Debug|Any CPU
		Release|Any CPU = Release|Any CPU
	EndGlobalSection
	GlobalSection(ProjectConfigurationPlatforms) = postSolution
		{0E1919EE-5049-4A65-8562-918DBCE23E14}.Debug|Any CPU.ActiveCfg = Debug|Any CPU
		{0E1919EE-5049-4A65-8562-918DBCE23E14}.Debug|Any CPU.Build.0 = Debug|Any CPU
		{0E1919EE-5049-4A65-8562-918DBCE23E14}.Release|Any CPU.ActiveCfg = Release|Any CPU
		{0E1919EE-5049-4A65-8562-918DBCE23E14}.Release|Any CPU.Build.0 = Release|Any CPU
	EndGlobalSection
	GlobalSection(SolutionProperties) = preSolution
		HideSolutionNode = FALSE
	EndGlobalSection
	GlobalSection(ExtensibilityGlobals) = postSolution
		SolutionGuid = {C394735E-8A67-4153-8E05-372E2C809A05}
	EndGlobalSection
EndGlobal
